github.com/google/go-cmp v0.7.0 h1:wk8382ETsv4JYUZwIsn6YpYiWiBsYLSJiTsyBybVuN8=
github.com/google/go-cmp v0.7.0/go.mod h1:pXiqmnSA92OHEEa9HXL2W4E7lf9JzCmGVUdgjX3N/iU=
github.com/klauspost/compress v1.18.7 h1:aUyZsS4kH3QTKurYhAOwAHxllVPnOthb3vPfnF1Ehjw=
github.com/klauspost/compress v1.18.7/go.mod h1:cwPg85FWrGar70rWktvGQj8/hthj3wpl0PGDogxkrSQ=
github.com/pierrec/lz4/v4 v4.1.26 h1:GrpZw1gZttORinvzBdXPUXATeqlJjqUG/D87TKMnhjY=
github.com/pierrec/lz4/v4 v4.1.26/go.mod h1:EoQMVJgeeEOMsCqCzqFm2O0cJvljX2nGZjcRIPL34O4=
github.com/twmb/franz-go v1.21.6 h1:+v0dQJVIIuw9uPmPWmPrkoUHs1pPeV8MSwA4eU/Y2kY=
github.com/twmb/franz-go v1.21.6/go.mod h1:wMepkgCatAdV9vCsuwM+wr+C1fl7KV/41+uHGAjt/wc=
github.com/twmb/franz-go/pkg/kadm v1.18.0 h1:WRf/LZmDdcDXwX7WMbtDU++v+b3NzYh2bCGoPMmzirw=
github.com/twmb/franz-go/pkg/kadm v1.18.0/go.mod h1:XeLhGoLXLFzK8/ryv5FfpxPxGwj4oFEGpPJMB/x6KDE=
github.com/twmb/franz-go/pkg/kmsg v1.13.1 h1:fG5kItwysTk5UXqVwb64EpQEy3TydF3vYYK21nUQ+bI=
github.com/twmb/franz-go/pkg/kmsg v1.13.1/go.mod h1:+DPt4NC8RmI6hqb8G09+3giKObE6uD2Eya6CfqBpeJY=
github.com/twmb/franz-go/pkg/sr v1.8.0 h1:50iiB5/p9fEntgzd5S/FCd6v3Kkt0D26OtjBxNKjZcs=
github.com/twmb/franz-go/pkg/sr v1.8.0/go.mod h1:64CsHlsQnyFRq1sYPcCmlRrEG3PlLPb6cDddx2wGr28=
golang.org/x/crypto v0.50.0 h1:zO47/JPrL6vsNkINmLoo/PH1gcxpls50DNogFvB5ZGI=
golang.org/x/crypto v0.50.0/go.mod h1:3muZ7vA7PBCE6xgPX7nkzzjiUq87kRItoJQM1Yo8S+Q=
google.golang.org/protobuf v1.36.12 h1:pJOKDDOyeXErUroCihFAd5LQuwXBSpVnKGrj5o/fwxc=
google.golang.org/protobuf v1.36.12/go.mod h1:HTf+CrKn2C3g5S8VImy6tdcUvCska2kB7j23XfzDpco=
