github.com/pmw-rp/jsonparser v0.1.0 h1:5NX0Y01lTtIyVpx7qupXfPKLI0vfUsU5Eo5eJf+BZp8=
github.com/pmw-rp/jsonparser v0.1.0/go.mod h1:lKsrENHClCgK97fCySIOD8qQsbJTScm5KkRr0JINEZg=
github.com/pmw-rp/jsonparser v0.1.1 h1:GBWKKS53/HZNRGXQ4XprAHjagFs8GZSXTFbGp5/AeZI=
github.com/pmw-rp/jsonparser v0.1.1/go.mod h1:mywYZlrI7dYAjoXUIcgNTUqnZ1JwHkNBlm8DpMyoHEk=
github.com/pmw-rp/splice v0.0.12 h1:mTrrRsEYDXlOTfj5DLLmd4iTXfxEiIvgohj7iaTT31w=
github.com/pmw-rp/splice v0.0.12/go.mod h1:almGbBrxXkl+UmLRKKoOZYvSGu8AQ6cuiKGOsdapmn0=
github.com/pmw-rp/splice v0.1.0 h1:BrfOmSz2sk2wyQOWdV+aMB0xl5NKaiugsiSkD/eI9EA=
github.com/pmw-rp/splice v0.1.0/go.mod h1:almGbBrxXkl+UmLRKKoOZYvSGu8AQ6cuiKGOsdapmn0=
github.com/redpanda-data/redpanda/src/transform-sdk/go/transform v0.0.0-20231208202813-49a40df5c5b5 h1:07rMGWKznDhdTckYXnmV14wx3ExSfYv9ib23tWa3SbM=
github.com/redpanda-data/redpanda/src/transform-sdk/go/transform v0.0.0-20231208202813-49a40df5c5b5/go.mod h1:QGgiwwf/BIsD1b7EiyQ/Apzw+RLSpasRDdpOCiefQFQ=
gopkg.in/check.v1 v0.0.0-20161208181325-20d25e280405 h1:yhCVgyC4o1eVCa2tZl7eS0r+SDo693bJlVdllGtEeKM=
gopkg.in/check.v1 v0.0.0-20161208181325-20d25e280405/go.mod h1:Co6ibVJAznAaIkqp8huTwlJQCZ016jof/cbN4VW5Yz0=
gopkg.in/yaml.v3 v3.0.1 h1:fxVm/GzAzEWqLHuvctI91KS9hhNmmWOoWu0XTYJS7CA=
gopkg.in/yaml.v3 v3.0.1/go.mod h1:K4uyk7z7BCEPqu6E+C64Yfv1cQ7kz7rIZviUmN+EgEM=
